
Microsoft Visual Studio Solution File, Format Version 12.00
# Visual Studio Version 16
VisualStudioVersion = 16.0.31112.23
MinimumVisualStudioVersion = 10.0.40219.1
Project("{9A19103F-16F7-4668-BE54-9A1E7A4F7556}") = "HMMJ.Web", "HMMJ\HMMJ.Web.csproj", "{B1F3593A-3D3C-44C8-B51A-D6C8E088EF85}"
	ProjectSection(ProjectDependencies) = postProject
		{1FCE172E-3E57-40E4-ABA9-9C3DEF67008B} = {1FCE172E-3E57-40E4-ABA9-9C3DEF67008B}
	EndProjectSection
EndProject
Project("{9A19103F-16F7-4668-BE54-9A1E7A4F7556}") = "HMMJ.Data", "HMMJ.Data\HMMJ.Data.csproj", "{F6A7B99A-2F86-440D-AE06-A62A915E0354}"
EndProject
Project("{9A19103F-16F7-4668-BE54-9A1E7A4F7556}") = "HMMJ.Services", "HMMJ.Services\HMMJ.Services.csproj", "{6D830F29-5CC6-4E7D-9E76-6805007A3BB2}"
EndProject
Project("{9A19103F-16F7-4668-BE54-9A1E7A4F7556}") = "HMMJ.Helpers", "HMMJ.Helpers\HMMJ.Helpers.csproj", "{1FCE172E-3E57-40E4-ABA9-9C3DEF67008B}"
EndProject
Global
	GlobalSection(SolutionConfigurationPlatforms) = preSolution
		Debug|Any CPU = Debug|Any CPU
		Release|Any CPU = Release|Any CPU
	EndGlobalSection
	GlobalSection(ProjectConfigurationPlatforms) = postSolution
		{B1F3593A-3D3C-44C8-B51A-D6C8E088EF85}.Debug|Any CPU.ActiveCfg = Debug|Any CPU
		{B1F3593A-3D3C-44C8-B51A-D6C8E088EF85}.Debug|Any CPU.Build.0 = Debug|Any CPU
		{B1F3593A-3D3C-44C8-B51A-D6C8E088EF85}.Release|Any CPU.ActiveCfg = Release|Any CPU
		{B1F3593A-3D3C-44C8-B51A-D6C8E088EF85}.Release|Any CPU.Build.0 = Release|Any CPU
		{F6A7B99A-2F86-440D-AE06-A62A915E0354}.Debug|Any CPU.ActiveCfg = Debug|Any CPU
		{F6A7B99A-2F86-440D-AE06-A62A915E0354}.Debug|Any CPU.Build.0 = Debug|Any CPU
		{F6A7B99A-2F86-440D-AE06-A62A915E0354}.Release|Any CPU.ActiveCfg = Release|Any CPU
		{F6A7B99A-2F86-440D-AE06-A62A915E0354}.Release|Any CPU.Build.0 = Release|Any CPU
		{6D830F29-5CC6-4E7D-9E76-6805007A3BB2}.Debug|Any CPU.ActiveCfg = Debug|Any CPU
		{6D830F29-5CC6-4E7D-9E76-6805007A3BB2}.Debug|Any CPU.Build.0 = Debug|Any CPU
		{6D830F29-5CC6-4E7D-9E76-6805007A3BB2}.Release|Any CPU.ActiveCfg = Release|Any CPU
		{6D830F29-5CC6-4E7D-9E76-6805007A3BB2}.Release|Any CPU.Build.0 = Release|Any CPU
		{1FCE172E-3E57-40E4-ABA9-9C3DEF67008B}.Debug|Any CPU.ActiveCfg = Debug|Any CPU
		{1FCE172E-3E57-40E4-ABA9-9C3DEF67008B}.Debug|Any CPU.Build.0 = Debug|Any CPU
		{1FCE172E-3E57-40E4-ABA9-9C3DEF67008B}.Release|Any CPU.ActiveCfg = Release|Any CPU
		{1FCE172E-3E57-40E4-ABA9-9C3DEF67008B}.Release|Any CPU.Build.0 = Release|Any CPU
	EndGlobalSection
	GlobalSection(SolutionProperties) = preSolution
		HideSolutionNode = FALSE
	EndGlobalSection
	GlobalSection(ExtensibilityGlobals) = postSolution
		SolutionGuid = {003FDA91-AC55-419F-9346-76DA86E43DC8}
	EndGlobalSection
EndGlobal
